
Microsoft Visual Studio Solution File, Format Version 12.00
# Visual Studio 2013
VisualStudioVersion = 12.0.21005.1
MinimumVisualStudioVersion = 10.0.40219.1
Project("{FAE04EC0-301F-11D3-BF4B-00C04F79EFBC}") = "MusicStore.Data", "MusicStore.Data\MusicStore.Data.csproj", "{51815A12-177D-4770-A85C-FEEAF011D56F}"
EndProject
Project("{FAE04EC0-301F-11D3-BF4B-00C04F79EFBC}") = "MusicStore.Core", "MusicStore.Core\MusicStore.Core.csproj", "{CB9B0E72-51D2-4A97-9228-0DB57180E820}"
EndProject
Project("{FAE04EC0-301F-11D3-BF4B-00C04F79EFBC}") = "MusicStore.Business", "MusicStore.Business\MusicStore.Business.csproj", "{E0E91265-9DA1-4EB1-890D-43F619D413A3}"
EndProject
Project("{FAE04EC0-301F-11D3-BF4B-00C04F79EFBC}") = "MusicStore.Services", "MusicStore.Services\MusicStore.Services.csproj", "{A211AE1A-49C1-4E1C-BEBF-6912A8676D06}"
EndProject
Project("{FAE04EC0-301F-11D3-BF4B-00C04F79EFBC}") = "MusicStore.Web", "MusicStore.Web\MusicStore.Web.csproj", "{D7702924-A0C9-40F6-AF93-71C8FA09BA3C}"
	ProjectSection(ProjectDependencies) = postProject
		{A211AE1A-49C1-4E1C-BEBF-6912A8676D06} = {A211AE1A-49C1-4E1C-BEBF-6912A8676D06}
	EndProjectSection
EndProject
Global
	GlobalSection(SolutionConfigurationPlatforms) = preSolution
		Debug|Any CPU = Debug|Any CPU
		Release|Any CPU = Release|Any CPU
	EndGlobalSection
	GlobalSection(ProjectConfigurationPlatforms) = postSolution
		{51815A12-177D-4770-A85C-FEEAF011D56F}.Debug|Any CPU.ActiveCfg = Debug|Any CPU
		{51815A12-177D-4770-A85C-FEEAF011D56F}.Debug|Any CPU.Build.0 = Debug|Any CPU
		{51815A12-177D-4770-A85C-FEEAF011D56F}.Release|Any CPU.ActiveCfg = Release|Any CPU
		{51815A12-177D-4770-A85C-FEEAF011D56F}.Release|Any CPU.Build.0 = Release|Any CPU
		{CB9B0E72-51D2-4A97-9228-0DB57180E820}.Debug|Any CPU.ActiveCfg = Debug|Any CPU
		{CB9B0E72-51D2-4A97-9228-0DB57180E820}.Debug|Any CPU.Build.0 = Debug|Any CPU
		{CB9B0E72-51D2-4A97-9228-0DB57180E820}.Release|Any CPU.ActiveCfg = Release|Any CPU
		{CB9B0E72-51D2-4A97-9228-0DB57180E820}.Release|Any CPU.Build.0 = Release|Any CPU
		{E0E91265-9DA1-4EB1-890D-43F619D413A3}.Debug|Any CPU.ActiveCfg = Debug|Any CPU
		{E0E91265-9DA1-4EB1-890D-43F619D413A3}.Debug|Any CPU.Build.0 = Debug|Any CPU
		{E0E91265-9DA1-4EB1-890D-43F619D413A3}.Release|Any CPU.ActiveCfg = Release|Any CPU
		{E0E91265-9DA1-4EB1-890D-43F619D413A3}.Release|Any CPU.Build.0 = Release|Any CPU
		{A211AE1A-49C1-4E1C-BEBF-6912A8676D06}.Debug|Any CPU.ActiveCfg = Debug|Any CPU
		{A211AE1A-49C1-4E1C-BEBF-6912A8676D06}.Debug|Any CPU.Build.0 = Debug|Any CPU
		{A211AE1A-49C1-4E1C-BEBF-6912A8676D06}.Release|Any CPU.ActiveCfg = Release|Any CPU
		{A211AE1A-49C1-4E1C-BEBF-6912A8676D06}.Release|Any CPU.Build.0 = Release|Any CPU
		{D7702924-A0C9-40F6-AF93-71C8FA09BA3C}.Debug|Any CPU.ActiveCfg = Debug|Any CPU
		{D7702924-A0C9-40F6-AF93-71C8FA09BA3C}.Debug|Any CPU.Build.0 = Debug|Any CPU
		{D7702924-A0C9-40F6-AF93-71C8FA09BA3C}.Release|Any CPU.ActiveCfg = Release|Any CPU
		{D7702924-A0C9-40F6-AF93-71C8FA09BA3C}.Release|Any CPU.Build.0 = Release|Any CPU
	EndGlobalSection
	GlobalSection(SolutionProperties) = preSolution
		HideSolutionNode = FALSE
	EndGlobalSection
EndGlobal
